// !$*UTF8*$!
{
	archiveVersion = 1;
	classes = {
	};
	objectVersion = 56;
	objects = {

/* Begin PBXBuildFile section */
		F10DFF8D2A72B9CA00656A88 /* GithubCloneApp.swift in Sources */ = {isa = PBXBuildFile; fileRef = F10DFF8C2A72B9CA00656A88 /* GithubCloneApp.swift */; };
		F10DFF8F2A72B9CA00656A88 /* ContentView.swift in Sources */ = {isa = PBXBuildFile; fileRef = F10DFF8E2A72B9CA00656A88 /* ContentView.swift */; };
		F10DFF912A72B9CA00656A88 /* Assets.xcassets in Resources */ = {isa = PBXBuildFile; fileRef = F10DFF902A72B9CA00656A88 /* Assets.xcassets */; };
		F10DFF952A72B9CA00656A88 /* Preview Assets.xcassets in Resources */ = {isa = PBXBuildFile; fileRef = F10DFF942A72B9CA00656A88 /* Preview Assets.xcassets */; };
		F10DFF9F2A72BDD900656A88 /* SearchView.swift in Sources */ = {isa = PBXBuildFile; fileRef = F10DFF9E2A72BDD900656A88 /* SearchView.swift */; };
		F10DFFAA2A72C5AE00656A88 /* IService.swift in Sources */ = {isa = PBXBuildFile; fileRef = F10DFFA92A72C5AE00656A88 /* IService.swift */; };
		F10DFFAF2A72C70D00656A88 /* Alamofire in Frameworks */ = {isa = PBXBuildFile; productRef = F10DFFAE2A72C70D00656A88 /* Alamofire */; };
		F10DFFB12A72C90C00656A88 /* Endpoints.swift in Sources */ = {isa = PBXBuildFile; fileRef = F10DFFB02A72C90C00656A88 /* Endpoints.swift */; };
		F10DFFB42A72CE3A00656A88 /* AppConstants.swift in Sources */ = {isa = PBXBuildFile; fileRef = F10DFFB32A72CE3A00656A88 /* AppConstants.swift */; };
		F10DFFB72A72CFCC00656A88 /* Logging in Frameworks */ = {isa = PBXBuildFile; productRef = F10DFFB62A72CFCC00656A88 /* Logging */; };
		F10DFFB92A72D37B00656A88 /* UserModel.swift in Sources */ = {isa = PBXBuildFile; fileRef = F10DFFB82A72D37B00656A88 /* UserModel.swift */; };
		F10DFFBB2A72D40700656A88 /* UserViewModel.swift in Sources */ = {isa = PBXBuildFile; fileRef = F10DFFBA2A72D40700656A88 /* UserViewModel.swift */; };
		F1210C402A7FDA0A00051663 /* ApiTests.swift in Sources */ = {isa = PBXBuildFile; fileRef = F1210C3F2A7FDA0A00051663 /* ApiTests.swift */; };
		F1210C462A7FDA2000051663 /* SearchViewModel.swift in Sources */ = {isa = PBXBuildFile; fileRef = F17236D12A741AF90043F2EF /* SearchViewModel.swift */; };
		F1210C472A7FDA7C00051663 /* SearchEnum.swift in Sources */ = {isa = PBXBuildFile; fileRef = F17236CF2A7417650043F2EF /* SearchEnum.swift */; };
		F1210C482A7FDB7200051663 /* IService.swift in Sources */ = {isa = PBXBuildFile; fileRef = F10DFFA92A72C5AE00656A88 /* IService.swift */; };
		F1210C492A7FDC3800051663 /* RepositoryModel.swift in Sources */ = {isa = PBXBuildFile; fileRef = F17236D32A7445C60043F2EF /* RepositoryModel.swift */; };
		F1210C4A2A7FDC3E00051663 /* IssueModel.swift in Sources */ = {isa = PBXBuildFile; fileRef = F17236D52A744A820043F2EF /* IssueModel.swift */; };
		F1210C4B2A7FDC4300051663 /* UsersModel.swift in Sources */ = {isa = PBXBuildFile; fileRef = F17236D72A744BF20043F2EF /* UsersModel.swift */; };
		F1210C4C2A7FDC5200051663 /* Endpoints.swift in Sources */ = {isa = PBXBuildFile; fileRef = F10DFFB02A72C90C00656A88 /* Endpoints.swift */; };
		F1210C4D2A7FDC5D00051663 /* AppConstants.swift in Sources */ = {isa = PBXBuildFile; fileRef = F10DFFB32A72CE3A00656A88 /* AppConstants.swift */; };
		F168A1742A730D7B0080D1E0 /* SearchModel.swift in Sources */ = {isa = PBXBuildFile; fileRef = F168A1732A730D7B0080D1E0 /* SearchModel.swift */; };
		F168A1762A7339BC0080D1E0 /* ResultView.swift in Sources */ = {isa = PBXBuildFile; fileRef = F168A1752A7339BB0080D1E0 /* ResultView.swift */; };
		F17236D02A7417650043F2EF /* SearchEnum.swift in Sources */ = {isa = PBXBuildFile; fileRef = F17236CF2A7417650043F2EF /* SearchEnum.swift */; };
		F17236D22A741AF90043F2EF /* SearchViewModel.swift in Sources */ = {isa = PBXBuildFile; fileRef = F17236D12A741AF90043F2EF /* SearchViewModel.swift */; };
		F17236D42A7445C60043F2EF /* RepositoryModel.swift in Sources */ = {isa = PBXBuildFile; fileRef = F17236D32A7445C60043F2EF /* RepositoryModel.swift */; };
		F17236D62A744A820043F2EF /* IssueModel.swift in Sources */ = {isa = PBXBuildFile; fileRef = F17236D52A744A820043F2EF /* IssueModel.swift */; };
		F17236D82A744BF20043F2EF /* UsersModel.swift in Sources */ = {isa = PBXBuildFile; fileRef = F17236D72A744BF20043F2EF /* UsersModel.swift */; };
		F19987662A76A33600A3687D /* Extension+TimeAgoFromDate.swift in Sources */ = {isa = PBXBuildFile; fileRef = F19987652A76A33600A3687D /* Extension+TimeAgoFromDate.swift */; };
		F19987692A76AB1D00A3687D /* Extension+StringToDate.swift in Sources */ = {isa = PBXBuildFile; fileRef = F19987682A76AB1D00A3687D /* Extension+StringToDate.swift */; };
		F199876B2A76ADAA00A3687D /* Extension+RGBColor.swift in Sources */ = {isa = PBXBuildFile; fileRef = F199876A2A76ADAA00A3687D /* Extension+RGBColor.swift */; };
		F199876D2A76C30C00A3687D /* Extension+RandomColor.swift in Sources */ = {isa = PBXBuildFile; fileRef = F199876C2A76C30C00A3687D /* Extension+RandomColor.swift */; };
		F1F184352A78370B0055EE09 /* IconEnum.swift in Sources */ = {isa = PBXBuildFile; fileRef = F1F184342A78370B0055EE09 /* IconEnum.swift */; };
		F1F184382A78380A0055EE09 /* NetworkImageView.swift in Sources */ = {isa = PBXBuildFile; fileRef = F1F184372A78380A0055EE09 /* NetworkImageView.swift */; };
		F1F1843A2A7838B40055EE09 /* NetworkImageEnum.swift in Sources */ = {isa = PBXBuildFile; fileRef = F1F184392A7838B40055EE09 /* NetworkImageEnum.swift */; };
		F1F1843D2A7839EE0055EE09 /* GraySubheadline.swift in Sources */ = {isa = PBXBuildFile; fileRef = F1F1843C2A7839EE0055EE09 /* GraySubheadline.swift */; };
		F1F1843F2A783A770055EE09 /* LabelModifier.swift in Sources */ = {isa = PBXBuildFile; fileRef = F1F1843E2A783A770055EE09 /* LabelModifier.swift */; };
		F1F184412A783AE20055EE09 /* SpacerConstants.swift in Sources */ = {isa = PBXBuildFile; fileRef = F1F184402A783AE20055EE09 /* SpacerConstants.swift */; };
/* End PBXBuildFile section */

/* Begin PBXContainerItemProxy section */
		F1210C412A7FDA0A00051663 /* PBXContainerItemProxy */ = {
			isa = PBXContainerItemProxy;
			containerPortal = F10DFF812A72B9C900656A88 /* Project object */;
			proxyType = 1;
			remoteGlobalIDString = F10DFF882A72B9C900656A88;
			remoteInfo = GithubClone;
		};
/* End PBXContainerItemProxy section */

/* Begin PBXFileReference section */
		F10DFF892A72B9CA00656A88 /* GithubClone.app */ = {isa = PBXFileReference; explicitFileType = wrapper.application; includeInIndex = 0; path = GithubClone.app; sourceTree = BUILT_PRODUCTS_DIR; };
		F10DFF8C2A72B9CA00656A88 /* GithubCloneApp.swift */ = {isa = PBXFileReference; lastKnownFileType = sourcecode.swift; path = GithubCloneApp.swift; sourceTree = "<group>"; };
		F10DFF8E2A72B9CA00656A88 /* ContentView.swift */ = {isa = PBXFileReference; lastKnownFileType = sourcecode.swift; path = ContentView.swift; sourceTree = "<group>"; };
		F10DFF902A72B9CA00656A88 /* Assets.xcassets */ = {isa = PBXFileReference; lastKnownFileType = folder.assetcatalog; path = Assets.xcassets; sourceTree = "<group>"; };
		F10DFF922A72B9CA00656A88 /* GithubClone.entitlements */ = {isa = PBXFileReference; lastKnownFileType = text.plist.entitlements; path = GithubClone.entitlements; sourceTree = "<group>"; };
		F10DFF942A72B9CA00656A88 /* Preview Assets.xcassets */ = {isa = PBXFileReference; lastKnownFileType = folder.assetcatalog; path = "Preview Assets.xcassets"; sourceTree = "<group>"; };
		F10DFF9E2A72BDD900656A88 /* SearchView.swift */ = {isa = PBXFileReference; lastKnownFileType = sourcecode.swift; path = SearchView.swift; sourceTree = "<group>"; };
		F10DFFA92A72C5AE00656A88 /* IService.swift */ = {isa = PBXFileReference; lastKnownFileType = sourcecode.swift; path = IService.swift; sourceTree = "<group>"; };
		F10DFFB02A72C90C00656A88 /* Endpoints.swift */ = {isa = PBXFileReference; lastKnownFileType = sourcecode.swift; path = Endpoints.swift; sourceTree = "<group>"; };
		F10DFFB32A72CE3A00656A88 /* AppConstants.swift */ = {isa = PBXFileReference; lastKnownFileType = sourcecode.swift; path = AppConstants.swift; sourceTree = "<group>"; };
		F10DFFB82A72D37B00656A88 /* UserModel.swift */ = {isa = PBXFileReference; lastKnownFileType = sourcecode.swift; path = UserModel.swift; sourceTree = "<group>"; };
		F10DFFBA2A72D40700656A88 /* UserViewModel.swift */ = {isa = PBXFileReference; lastKnownFileType = sourcecode.swift; path = UserViewModel.swift; sourceTree = "<group>"; };
		F1210C3D2A7FDA0A00051663 /* ApiTests.xctest */ = {isa = PBXFileReference; explicitFileType = wrapper.cfbundle; includeInIndex = 0; path = ApiTests.xctest; sourceTree = BUILT_PRODUCTS_DIR; };
		F1210C3F2A7FDA0A00051663 /* ApiTests.swift */ = {isa = PBXFileReference; lastKnownFileType = sourcecode.swift; path = ApiTests.swift; sourceTree = "<group>"; };
		F168A1732A730D7B0080D1E0 /* SearchModel.swift */ = {isa = PBXFileReference; lastKnownFileType = sourcecode.swift; path = SearchModel.swift; sourceTree = "<group>"; };
		F168A1752A7339BB0080D1E0 /* ResultView.swift */ = {isa = PBXFileReference; lastKnownFileType = sourcecode.swift; path = ResultView.swift; sourceTree = "<group>"; };
		F17236CF2A7417650043F2EF /* SearchEnum.swift */ = {isa = PBXFileReference; lastKnownFileType = sourcecode.swift; path = SearchEnum.swift; sourceTree = "<group>"; };
		F17236D12A741AF90043F2EF /* SearchViewModel.swift */ = {isa = PBXFileReference; lastKnownFileType = sourcecode.swift; path = SearchViewModel.swift; sourceTree = "<group>"; };
		F17236D32A7445C60043F2EF /* RepositoryModel.swift */ = {isa = PBXFileReference; lastKnownFileType = sourcecode.swift; path = RepositoryModel.swift; sourceTree = "<group>"; };
		F17236D52A744A820043F2EF /* IssueModel.swift */ = {isa = PBXFileReference; lastKnownFileType = sourcecode.swift; path = IssueModel.swift; sourceTree = "<group>"; };
		F17236D72A744BF20043F2EF /* UsersModel.swift */ = {isa = PBXFileReference; lastKnownFileType = sourcecode.swift; path = UsersModel.swift; sourceTree = "<group>"; };
		F19987652A76A33600A3687D /* Extension+TimeAgoFromDate.swift */ = {isa = PBXFileReference; lastKnownFileType = sourcecode.swift; path = "Extension+TimeAgoFromDate.swift"; sourceTree = "<group>"; };
		F19987682A76AB1D00A3687D /* Extension+StringToDate.swift */ = {isa = PBXFileReference; lastKnownFileType = sourcecode.swift; path = "Extension+StringToDate.swift"; sourceTree = "<group>"; };
		F199876A2A76ADAA00A3687D /* Extension+RGBColor.swift */ = {isa = PBXFileReference; lastKnownFileType = sourcecode.swift; path = "Extension+RGBColor.swift"; sourceTree = "<group>"; };
		F199876C2A76C30C00A3687D /* Extension+RandomColor.swift */ = {isa = PBXFileReference; lastKnownFileType = sourcecode.swift; path = "Extension+RandomColor.swift"; sourceTree = "<group>"; };
		F1F184342A78370B0055EE09 /* IconEnum.swift */ = {isa = PBXFileReference; lastKnownFileType = sourcecode.swift; path = IconEnum.swift; sourceTree = "<group>"; };
		F1F184372A78380A0055EE09 /* NetworkImageView.swift */ = {isa = PBXFileReference; lastKnownFileType = sourcecode.swift; path = NetworkImageView.swift; sourceTree = "<group>"; };
		F1F184392A7838B40055EE09 /* NetworkImageEnum.swift */ = {isa = PBXFileReference; lastKnownFileType = sourcecode.swift; path = NetworkImageEnum.swift; sourceTree = "<group>"; };
		F1F1843C2A7839EE0055EE09 /* GraySubheadline.swift */ = {isa = PBXFileReference; lastKnownFileType = sourcecode.swift; path = GraySubheadline.swift; sourceTree = "<group>"; };
		F1F1843E2A783A770055EE09 /* LabelModifier.swift */ = {isa = PBXFileReference; lastKnownFileType = sourcecode.swift; path = LabelModifier.swift; sourceTree = "<group>"; };
		F1F184402A783AE20055EE09 /* SpacerConstants.swift */ = {isa = PBXFileReference; lastKnownFileType = sourcecode.swift; path = SpacerConstants.swift; sourceTree = "<group>"; };
/* End PBXFileReference section */

/* Begin PBXFrameworksBuildPhase section */
		F10DFF862A72B9C900656A88 /* Frameworks */ = {
			isa = PBXFrameworksBuildPhase;
			buildActionMask = 2147483647;
			files = (
				F10DFFB72A72CFCC00656A88 /* Logging in Frameworks */,
				F10DFFAF2A72C70D00656A88 /* Alamofire in Frameworks */,
			);
			runOnlyForDeploymentPostprocessing = 0;
		};
		F1210C3A2A7FDA0A00051663 /* Frameworks */ = {
			isa = PBXFrameworksBuildPhase;
			buildActionMask = 2147483647;
			files = (
			);
			runOnlyForDeploymentPostprocessing = 0;
		};
/* End PBXFrameworksBuildPhase section */

/* Begin PBXGroup section */
		F10DFF802A72B9C900656A88 = {
			isa = PBXGroup;
			children = (
				F10DFF8B2A72B9CA00656A88 /* GithubClone */,
				F1210C3E2A7FDA0A00051663 /* ApiTests */,
				F10DFF8A2A72B9CA00656A88 /* Products */,
			);
			sourceTree = "<group>";
		};
		F10DFF8A2A72B9CA00656A88 /* Products */ = {
			isa = PBXGroup;
			children = (
				F10DFF892A72B9CA00656A88 /* GithubClone.app */,
				F1210C3D2A7FDA0A00051663 /* ApiTests.xctest */,
			);
			name = Products;
			sourceTree = "<group>";
		};
		F10DFF8B2A72B9CA00656A88 /* GithubClone */ = {
			isa = PBXGroup;
			children = (
				F10DFF9C2A72BA3D00656A88 /* Products */,
				F10DFF9B2A72BA3700656A88 /* Features */,
				F10DFF8C2A72B9CA00656A88 /* GithubCloneApp.swift */,
				F10DFF902A72B9CA00656A88 /* Assets.xcassets */,
				F10DFF922A72B9CA00656A88 /* GithubClone.entitlements */,
				F10DFF932A72B9CA00656A88 /* Preview Content */,
			);
			path = GithubClone;
			sourceTree = "<group>";
		};
		F10DFF932A72B9CA00656A88 /* Preview Content */ = {
			isa = PBXGroup;
			children = (
				F10DFF942A72B9CA00656A88 /* Preview Assets.xcassets */,
			);
			path = "Preview Content";
			sourceTree = "<group>";
		};
		F10DFF9B2A72BA3700656A88 /* Features */ = {
			isa = PBXGroup;
			children = (
				F10DFFA12A72C45200656A88 /* Models */,
				F10DFFA02A72C44A00656A88 /* ViewModels */,
				F10DFF9D2A72BC5B00656A88 /* Views */,
			);
			path = Features;
			sourceTree = "<group>";
		};
		F10DFF9C2A72BA3D00656A88 /* Products */ = {
			isa = PBXGroup;
			children = (
				F1F1843B2A78399B0055EE09 /* ViewModifiers */,
				F10DFFB22A72CE2E00656A88 /* Constants */,
				F10DFFA82A72C59F00656A88 /* Extensions */,
				F10DFFA72A72C59B00656A88 /* Enums */,
				F10DFFA62A72C59400656A88 /* Services */,
				F10DFFA22A72C48100656A88 /* Components */,
			);
			path = Products;
			sourceTree = "<group>";
		};
		F10DFF9D2A72BC5B00656A88 /* Views */ = {
			isa = PBXGroup;
			children = (
				F10DFF8E2A72B9CA00656A88 /* ContentView.swift */,
				F10DFF9E2A72BDD900656A88 /* SearchView.swift */,
				F168A1752A7339BB0080D1E0 /* ResultView.swift */,
			);
			path = Views;
			sourceTree = "<group>";
		};
		F10DFFA02A72C44A00656A88 /* ViewModels */ = {
			isa = PBXGroup;
			children = (
				F10DFFBA2A72D40700656A88 /* UserViewModel.swift */,
				F17236D12A741AF90043F2EF /* SearchViewModel.swift */,
			);
			path = ViewModels;
			sourceTree = "<group>";
		};
		F10DFFA12A72C45200656A88 /* Models */ = {
			isa = PBXGroup;
			children = (
				F10DFFB82A72D37B00656A88 /* UserModel.swift */,
				F168A1732A730D7B0080D1E0 /* SearchModel.swift */,
				F17236D32A7445C60043F2EF /* RepositoryModel.swift */,
				F17236D52A744A820043F2EF /* IssueModel.swift */,
				F17236D72A744BF20043F2EF /* UsersModel.swift */,
			);
			path = Models;
			sourceTree = "<group>";
		};
		F10DFFA22A72C48100656A88 /* Components */ = {
			isa = PBXGroup;
			children = (
				F1F184362A7837F90055EE09 /* AsyncImage */,
			);
			path = Components;
			sourceTree = "<group>";
		};
		F10DFFA62A72C59400656A88 /* Services */ = {
			isa = PBXGroup;
			children = (
				F10DFFA92A72C5AE00656A88 /* IService.swift */,
			);
			path = Services;
			sourceTree = "<group>";
		};
		F10DFFA72A72C59B00656A88 /* Enums */ = {
			isa = PBXGroup;
			children = (
				F10DFFB02A72C90C00656A88 /* Endpoints.swift */,
				F17236CF2A7417650043F2EF /* SearchEnum.swift */,
				F1F184342A78370B0055EE09 /* IconEnum.swift */,
				F1F184392A7838B40055EE09 /* NetworkImageEnum.swift */,
			);
			path = Enums;
			sourceTree = "<group>";
		};
		F10DFFA82A72C59F00656A88 /* Extensions */ = {
			isa = PBXGroup;
			children = (
				F19987652A76A33600A3687D /* Extension+TimeAgoFromDate.swift */,
				F19987682A76AB1D00A3687D /* Extension+StringToDate.swift */,
				F199876A2A76ADAA00A3687D /* Extension+RGBColor.swift */,
				F199876C2A76C30C00A3687D /* Extension+RandomColor.swift */,
			);
			path = Extensions;
			sourceTree = "<group>";
		};
		F10DFFB22A72CE2E00656A88 /* Constants */ = {
			isa = PBXGroup;
			children = (
				F10DFFB32A72CE3A00656A88 /* AppConstants.swift */,
				F1F184402A783AE20055EE09 /* SpacerConstants.swift */,
			);
			path = Constants;
			sourceTree = "<group>";
		};
		F1210C3E2A7FDA0A00051663 /* ApiTests */ = {
			isa = PBXGroup;
			children = (
				F1210C3F2A7FDA0A00051663 /* ApiTests.swift */,
			);
			path = ApiTests;
			sourceTree = "<group>";
		};
		F1F184362A7837F90055EE09 /* AsyncImage */ = {
			isa = PBXGroup;
			children = (
				F1F184372A78380A0055EE09 /* NetworkImageView.swift */,
			);
			path = AsyncImage;
			sourceTree = "<group>";
		};
		F1F1843B2A78399B0055EE09 /* ViewModifiers */ = {
			isa = PBXGroup;
			children = (
				F1F1843C2A7839EE0055EE09 /* GraySubheadline.swift */,
				F1F1843E2A783A770055EE09 /* LabelModifier.swift */,
			);
			path = ViewModifiers;
			sourceTree = "<group>";
		};
/* End PBXGroup section */

/* Begin PBXNativeTarget section */
		F10DFF882A72B9C900656A88 /* GithubClone */ = {
			isa = PBXNativeTarget;
			buildConfigurationList = F10DFF982A72B9CA00656A88 /* Build configuration list for PBXNativeTarget "GithubClone" */;
			buildPhases = (
				F10DFF852A72B9C900656A88 /* Sources */,
				F10DFF862A72B9C900656A88 /* Frameworks */,
				F10DFF872A72B9C900656A88 /* Resources */,
			);
			buildRules = (
			);
			dependencies = (
			);
			name = GithubClone;
			packageProductDependencies = (
				F10DFFAE2A72C70D00656A88 /* Alamofire */,
				F10DFFB62A72CFCC00656A88 /* Logging */,
			);
			productName = GithubClone;
			productReference = F10DFF892A72B9CA00656A88 /* GithubClone.app */;
			productType = "com.apple.product-type.application";
		};
		F1210C3C2A7FDA0A00051663 /* ApiTests */ = {
			isa = PBXNativeTarget;
			buildConfigurationList = F1210C452A7FDA0A00051663 /* Build configuration list for PBXNativeTarget "ApiTests" */;
			buildPhases = (
				F1210C392A7FDA0A00051663 /* Sources */,
				F1210C3A2A7FDA0A00051663 /* Frameworks */,
				F1210C3B2A7FDA0A00051663 /* Resources */,
			);
			buildRules = (
			);
			dependencies = (
				F1210C422A7FDA0A00051663 /* PBXTargetDependency */,
			);
			name = ApiTests;
			productName = ApiTests;
			productReference = F1210C3D2A7FDA0A00051663 /* ApiTests.xctest */;
			productType = "com.apple.product-type.bundle.unit-test";
		};
/* End PBXNativeTarget section */

/* Begin PBXProject section */
		F10DFF812A72B9C900656A88 /* Project object */ = {
			isa = PBXProject;
			attributes = {
				BuildIndependentTargetsInParallel = 1;
				LastSwiftUpdateCheck = 1430;
				LastUpgradeCheck = 1430;
				TargetAttributes = {
					F10DFF882A72B9C900656A88 = {
						CreatedOnToolsVersion = 14.3;
					};
					F1210C3C2A7FDA0A00051663 = {
						CreatedOnToolsVersion = 14.3;
						TestTargetID = F10DFF882A72B9C900656A88;
					};
				};
			};
			buildConfigurationList = F10DFF842A72B9C900656A88 /* Build configuration list for PBXProject "GithubClone" */;
			compatibilityVersion = "Xcode 14.0";
			developmentRegion = en;
			hasScannedForEncodings = 0;
			knownRegions = (
				en,
				Base,
			);
			mainGroup = F10DFF802A72B9C900656A88;
			packageReferences = (
				F10DFFAD2A72C70D00656A88 /* XCRemoteSwiftPackageReference "Alamofire" */,
				F10DFFB52A72CFCC00656A88 /* XCRemoteSwiftPackageReference "swift-log" */,
			);
			productRefGroup = F10DFF8A2A72B9CA00656A88 /* Products */;
			projectDirPath = "";
			projectRoot = "";
			targets = (
				F10DFF882A72B9C900656A88 /* GithubClone */,
				F1210C3C2A7FDA0A00051663 /* ApiTests */,
			);
		};
/* End PBXProject section */

/* Begin PBXResourcesBuildPhase section */
		F10DFF872A72B9C900656A88 /* Resources */ = {
			isa = PBXResourcesBuildPhase;
			buildActionMask = 2147483647;
			files = (
				F10DFF952A72B9CA00656A88 /* Preview Assets.xcassets in Resources */,
				F10DFF912A72B9CA00656A88 /* Assets.xcassets in Resources */,
			);
			runOnlyForDeploymentPostprocessing = 0;
		};
		F1210C3B2A7FDA0A00051663 /* Resources */ = {
			isa = PBXResourcesBuildPhase;
			buildActionMask = 2147483647;
			files = (
			);
			runOnlyForDeploymentPostprocessing = 0;
		};
/* End PBXResourcesBuildPhase section */

/* Begin PBXSourcesBuildPhase section */
		F10DFF852A72B9C900656A88 /* Sources */ = {
			isa = PBXSourcesBuildPhase;
			buildActionMask = 2147483647;
			files = (
				F1F1843F2A783A770055EE09 /* LabelModifier.swift in Sources */,
				F10DFF8F2A72B9CA00656A88 /* ContentView.swift in Sources */,
				F10DFF8D2A72B9CA00656A88 /* GithubCloneApp.swift in Sources */,
				F10DFFB42A72CE3A00656A88 /* AppConstants.swift in Sources */,
				F17236D62A744A820043F2EF /* IssueModel.swift in Sources */,
				F168A1742A730D7B0080D1E0 /* SearchModel.swift in Sources */,
				F1F184352A78370B0055EE09 /* IconEnum.swift in Sources */,
				F10DFFB12A72C90C00656A88 /* Endpoints.swift in Sources */,
				F1F1843D2A7839EE0055EE09 /* GraySubheadline.swift in Sources */,
				F17236D42A7445C60043F2EF /* RepositoryModel.swift in Sources */,
				F17236D22A741AF90043F2EF /* SearchViewModel.swift in Sources */,
				F1F1843A2A7838B40055EE09 /* NetworkImageEnum.swift in Sources */,
				F1F184412A783AE20055EE09 /* SpacerConstants.swift in Sources */,
				F17236D02A7417650043F2EF /* SearchEnum.swift in Sources */,
				F1F184382A78380A0055EE09 /* NetworkImageView.swift in Sources */,
				F10DFF9F2A72BDD900656A88 /* SearchView.swift in Sources */,
				F19987692A76AB1D00A3687D /* Extension+StringToDate.swift in Sources */,
				F168A1762A7339BC0080D1E0 /* ResultView.swift in Sources */,
				F19987662A76A33600A3687D /* Extension+TimeAgoFromDate.swift in Sources */,
				F10DFFB92A72D37B00656A88 /* UserModel.swift in Sources */,
				F10DFFBB2A72D40700656A88 /* UserViewModel.swift in Sources */,
				F199876B2A76ADAA00A3687D /* Extension+RGBColor.swift in Sources */,
				F17236D82A744BF20043F2EF /* UsersModel.swift in Sources */,
				F199876D2A76C30C00A3687D /* Extension+RandomColor.swift in Sources */,
				F10DFFAA2A72C5AE00656A88 /* IService.swift in Sources */,
			);
			runOnlyForDeploymentPostprocessing = 0;
		};
		F1210C392A7FDA0A00051663 /* Sources */ = {
			isa = PBXSourcesBuildPhase;
			buildActionMask = 2147483647;
			files = (
				F1210C472A7FDA7C00051663 /* SearchEnum.swift in Sources */,
				F1210C4D2A7FDC5D00051663 /* AppConstants.swift in Sources */,
				F1210C492A7FDC3800051663 /* RepositoryModel.swift in Sources */,
				F1210C462A7FDA2000051663 /* SearchViewModel.swift in Sources */,
				F1210C4A2A7FDC3E00051663 /* IssueModel.swift in Sources */,
				F1210C402A7FDA0A00051663 /* ApiTests.swift in Sources */,
				F1210C482A7FDB7200051663 /* IService.swift in Sources */,
				F1210C4C2A7FDC5200051663 /* Endpoints.swift in Sources */,
				F1210C4B2A7FDC4300051663 /* UsersModel.swift in Sources */,
			);
			runOnlyForDeploymentPostprocessing = 0;
		};
/* End PBXSourcesBuildPhase section */

/* Begin PBXTargetDependency section */
		F1210C422A7FDA0A00051663 /* PBXTargetDependency */ = {
			isa = PBXTargetDependency;
			target = F10DFF882A72B9C900656A88 /* GithubClone */;
			targetProxy = F1210C412A7FDA0A00051663 /* PBXContainerItemProxy */;
		};
/* End PBXTargetDependency section */

/* Begin XCBuildConfiguration section */
		F10DFF962A72B9CA00656A88 /* Debug */ = {
			isa = XCBuildConfiguration;
			buildSettings = {
				ALWAYS_SEARCH_USER_PATHS = NO;
				CLANG_ANALYZER_NONNULL = YES;
				CLANG_ANALYZER_NUMBER_OBJECT_CONVERSION = YES_AGGRESSIVE;
				CLANG_CXX_LANGUAGE_STANDARD = "gnu++20";
				CLANG_ENABLE_MODULES = YES;
				CLANG_ENABLE_OBJC_ARC = YES;
				CLANG_ENABLE_OBJC_WEAK = YES;
				CLANG_WARN_BLOCK_CAPTURE_AUTORELEASING = YES;
				CLANG_WARN_BOOL_CONVERSION = YES;
				CLANG_WARN_COMMA = YES;
				CLANG_WARN_CONSTANT_CONVERSION = YES;
				CLANG_WARN_DEPRECATED_OBJC_IMPLEMENTATIONS = YES;
				CLANG_WARN_DIRECT_OBJC_ISA_USAGE = YES_ERROR;
				CLANG_WARN_DOCUMENTATION_COMMENTS = YES;
				CLANG_WARN_EMPTY_BODY = YES;
				CLANG_WARN_ENUM_CONVERSION = YES;
				CLANG_WARN_INFINITE_RECURSION = YES;
				CLANG_WARN_INT_CONVERSION = YES;
				CLANG_WARN_NON_LITERAL_NULL_CONVERSION = YES;
				CLANG_WARN_OBJC_IMPLICIT_RETAIN_SELF = YES;
				CLANG_WARN_OBJC_LITERAL_CONVERSION = YES;
				CLANG_WARN_OBJC_ROOT_CLASS = YES_ERROR;
				CLANG_WARN_QUOTED_INCLUDE_IN_FRAMEWORK_HEADER = YES;
				CLANG_WARN_RANGE_LOOP_ANALYSIS = YES;
				CLANG_WARN_STRICT_PROTOTYPES = YES;
				CLANG_WARN_SUSPICIOUS_MOVE = YES;
				CLANG_WARN_UNGUARDED_AVAILABILITY = YES_AGGRESSIVE;
				CLANG_WARN_UNREACHABLE_CODE = YES;
				CLANG_WARN__DUPLICATE_METHOD_MATCH = YES;
				COPY_PHASE_STRIP = NO;
				DEBUG_INFORMATION_FORMAT = dwarf;
				ENABLE_STRICT_OBJC_MSGSEND = YES;
				ENABLE_TESTABILITY = YES;
				GCC_C_LANGUAGE_STANDARD = gnu11;
				GCC_DYNAMIC_NO_PIC = NO;
				GCC_NO_COMMON_BLOCKS = YES;
				GCC_OPTIMIZATION_LEVEL = 0;
				GCC_PREPROCESSOR_DEFINITIONS = (
					"DEBUG=1",
					"$(inherited)",
				);
				GCC_WARN_64_TO_32_BIT_CONVERSION = YES;
				GCC_WARN_ABOUT_RETURN_TYPE = YES_ERROR;
				GCC_WARN_UNDECLARED_SELECTOR = YES;
				GCC_WARN_UNINITIALIZED_AUTOS = YES_AGGRESSIVE;
				GCC_WARN_UNUSED_FUNCTION = YES;
				GCC_WARN_UNUSED_VARIABLE = YES;
				MTL_ENABLE_DEBUG_INFO = INCLUDE_SOURCE;
				MTL_FAST_MATH = YES;
				ONLY_ACTIVE_ARCH = YES;
				SWIFT_ACTIVE_COMPILATION_CONDITIONS = DEBUG;
				SWIFT_OPTIMIZATION_LEVEL = "-Onone";
			};
			name = Debug;
		};
		F10DFF972A72B9CA00656A88 /* Release */ = {
			isa = XCBuildConfiguration;
			buildSettings = {
				ALWAYS_SEARCH_USER_PATHS = NO;
				CLANG_ANALYZER_NONNULL = YES;
				CLANG_ANALYZER_NUMBER_OBJECT_CONVERSION = YES_AGGRESSIVE;
				CLANG_CXX_LANGUAGE_STANDARD = "gnu++20";
				CLANG_ENABLE_MODULES = YES;
				CLANG_ENABLE_OBJC_ARC = YES;
				CLANG_ENABLE_OBJC_WEAK = YES;
				CLANG_WARN_BLOCK_CAPTURE_AUTORELEASING = YES;
				CLANG_WARN_BOOL_CONVERSION = YES;
				CLANG_WARN_COMMA = YES;
				CLANG_WARN_CONSTANT_CONVERSION = YES;
				CLANG_WARN_DEPRECATED_OBJC_IMPLEMENTATIONS = YES;
				CLANG_WARN_DIRECT_OBJC_ISA_USAGE = YES_ERROR;
				CLANG_WARN_DOCUMENTATION_COMMENTS = YES;
				CLANG_WARN_EMPTY_BODY = YES;
				CLANG_WARN_ENUM_CONVERSION = YES;
				CLANG_WARN_INFINITE_RECURSION = YES;
				CLANG_WARN_INT_CONVERSION = YES;
				CLANG_WARN_NON_LITERAL_NULL_CONVERSION = YES;
				CLANG_WARN_OBJC_IMPLICIT_RETAIN_SELF = YES;
				CLANG_WARN_OBJC_LITERAL_CONVERSION = YES;
				CLANG_WARN_OBJC_ROOT_CLASS = YES_ERROR;
				CLANG_WARN_QUOTED_INCLUDE_IN_FRAMEWORK_HEADER = YES;
				CLANG_WARN_RANGE_LOOP_ANALYSIS = YES;
				CLANG_WARN_STRICT_PROTOTYPES = YES;
				CLANG_WARN_SUSPICIOUS_MOVE = YES;
				CLANG_WARN_UNGUARDED_AVAILABILITY = YES_AGGRESSIVE;
				CLANG_WARN_UNREACHABLE_CODE = YES;
				CLANG_WARN__DUPLICATE_METHOD_MATCH = YES;
				COPY_PHASE_STRIP = NO;
				DEBUG_INFORMATION_FORMAT = "dwarf-with-dsym";
				ENABLE_NS_ASSERTIONS = NO;
				ENABLE_STRICT_OBJC_MSGSEND = YES;
				GCC_C_LANGUAGE_STANDARD = gnu11;
				GCC_NO_COMMON_BLOCKS = YES;
				GCC_WARN_64_TO_32_BIT_CONVERSION = YES;
				GCC_WARN_ABOUT_RETURN_TYPE = YES_ERROR;
				GCC_WARN_UNDECLARED_SELECTOR = YES;
				GCC_WARN_UNINITIALIZED_AUTOS = YES_AGGRESSIVE;
				GCC_WARN_UNUSED_FUNCTION = YES;
				GCC_WARN_UNUSED_VARIABLE = YES;
				MTL_ENABLE_DEBUG_INFO = NO;
				MTL_FAST_MATH = YES;
				SWIFT_COMPILATION_MODE = wholemodule;
				SWIFT_OPTIMIZATION_LEVEL = "-O";
			};
			name = Release;
		};
		F10DFF992A72B9CA00656A88 /* Debug */ = {
			isa = XCBuildConfiguration;
			buildSettings = {
				ASSETCATALOG_COMPILER_APPICON_NAME = AppIcon;
				ASSETCATALOG_COMPILER_GLOBAL_ACCENT_COLOR_NAME = AccentColor;
				CODE_SIGN_ENTITLEMENTS = GithubClone/GithubClone.entitlements;
				CODE_SIGN_STYLE = Automatic;
				CURRENT_PROJECT_VERSION = 1;
				DEVELOPMENT_ASSET_PATHS = "\"GithubClone/Preview Content\"";
				ENABLE_PREVIEWS = YES;
				GENERATE_INFOPLIST_FILE = YES;
				"INFOPLIST_KEY_UIApplicationSceneManifest_Generation[sdk=iphoneos*]" = YES;
				"INFOPLIST_KEY_UIApplicationSceneManifest_Generation[sdk=iphonesimulator*]" = YES;
				"INFOPLIST_KEY_UIApplicationSupportsIndirectInputEvents[sdk=iphoneos*]" = YES;
				"INFOPLIST_KEY_UIApplicationSupportsIndirectInputEvents[sdk=iphonesimulator*]" = YES;
				"INFOPLIST_KEY_UILaunchScreen_Generation[sdk=iphoneos*]" = YES;
				"INFOPLIST_KEY_UILaunchScreen_Generation[sdk=iphonesimulator*]" = YES;
				"INFOPLIST_KEY_UIStatusBarStyle[sdk=iphoneos*]" = UIStatusBarStyleDefault;
				"INFOPLIST_KEY_UIStatusBarStyle[sdk=iphonesimulator*]" = UIStatusBarStyleDefault;
				INFOPLIST_KEY_UISupportedInterfaceOrientations_iPad = "UIInterfaceOrientationPortrait UIInterfaceOrientationPortraitUpsideDown UIInterfaceOrientationLandscapeLeft UIInterfaceOrientationLandscapeRight";
				INFOPLIST_KEY_UISupportedInterfaceOrientations_iPhone = "UIInterfaceOrientationPortrait UIInterfaceOrientationLandscapeLeft UIInterfaceOrientationLandscapeRight";
				IPHONEOS_DEPLOYMENT_TARGET = 16.4;
				LD_RUNPATH_SEARCH_PATHS = "@executable_path/Frameworks";
				"LD_RUNPATH_SEARCH_PATHS[sdk=macosx*]" = "@executable_path/../Frameworks";
				MACOSX_DEPLOYMENT_TARGET = 13.3;
				MARKETING_VERSION = 1.0;
				PRODUCT_BUNDLE_IDENTIFIER = com.archeva.GithubClone;
				PRODUCT_NAME = "$(TARGET_NAME)";
				SDKROOT = auto;
				SUPPORTED_PLATFORMS = "iphoneos iphonesimulator macosx";
				SWIFT_EMIT_LOC_STRINGS = YES;
				SWIFT_VERSION = 5.0;
				TARGETED_DEVICE_FAMILY = "1,2";
			};
			name = Debug;
		};
		F10DFF9A2A72B9CA00656A88 /* Release */ = {
			isa = XCBuildConfiguration;
			buildSettings = {
				ASSETCATALOG_COMPILER_APPICON_NAME = AppIcon;
				ASSETCATALOG_COMPILER_GLOBAL_ACCENT_COLOR_NAME = AccentColor;
				CODE_SIGN_ENTITLEMENTS = GithubClone/GithubClone.entitlements;
				CODE_SIGN_STYLE = Automatic;
				CURRENT_PROJECT_VERSION = 1;
				DEVELOPMENT_ASSET_PATHS = "\"GithubClone/Preview Content\"";
				ENABLE_PREVIEWS = YES;
				GENERATE_INFOPLIST_FILE = YES;
				"INFOPLIST_KEY_UIApplicationSceneManifest_Generation[sdk=iphoneos*]" = YES;
				"INFOPLIST_KEY_UIApplicationSceneManifest_Generation[sdk=iphonesimulator*]" = YES;
				"INFOPLIST_KEY_UIApplicationSupportsIndirectInputEvents[sdk=iphoneos*]" = YES;
				"INFOPLIST_KEY_UIApplicationSupportsIndirectInputEvents[sdk=iphonesimulator*]" = YES;
				"INFOPLIST_KEY_UILaunchScreen_Generation[sdk=iphoneos*]" = YES;
				"INFOPLIST_KEY_UILaunchScreen_Generation[sdk=iphonesimulator*]" = YES;
				"INFOPLIST_KEY_UIStatusBarStyle[sdk=iphoneos*]" = UIStatusBarStyleDefault;
				"INFOPLIST_KEY_UIStatusBarStyle[sdk=iphonesimulator*]" = UIStatusBarStyleDefault;
				INFOPLIST_KEY_UISupportedInterfaceOrientations_iPad = "UIInterfaceOrientationPortrait UIInterfaceOrientationPortraitUpsideDown UIInterfaceOrientationLandscapeLeft UIInterfaceOrientationLandscapeRight";
				INFOPLIST_KEY_UISupportedInterfaceOrientations_iPhone = "UIInterfaceOrientationPortrait UIInterfaceOrientationLandscapeLeft UIInterfaceOrientationLandscapeRight";
				IPHONEOS_DEPLOYMENT_TARGET = 16.4;
				LD_RUNPATH_SEARCH_PATHS = "@executable_path/Frameworks";
				"LD_RUNPATH_SEARCH_PATHS[sdk=macosx*]" = "@executable_path/../Frameworks";
				MACOSX_DEPLOYMENT_TARGET = 13.3;
				MARKETING_VERSION = 1.0;
				PRODUCT_BUNDLE_IDENTIFIER = com.archeva.GithubClone;
				PRODUCT_NAME = "$(TARGET_NAME)";
				SDKROOT = auto;
				SUPPORTED_PLATFORMS = "iphoneos iphonesimulator macosx";
				SWIFT_EMIT_LOC_STRINGS = YES;
				SWIFT_VERSION = 5.0;
				TARGETED_DEVICE_FAMILY = "1,2";
			};
			name = Release;
		};
		F1210C432A7FDA0A00051663 /* Debug */ = {
			isa = XCBuildConfiguration;
			buildSettings = {
				BUNDLE_LOADER = "$(TEST_HOST)";
				CODE_SIGN_STYLE = Automatic;
				CURRENT_PROJECT_VERSION = 1;
				GENERATE_INFOPLIST_FILE = YES;
				IPHONEOS_DEPLOYMENT_TARGET = 16.4;
				MARKETING_VERSION = 1.0;
				PRODUCT_BUNDLE_IDENTIFIER = com.archeva.ApiTests;
				PRODUCT_NAME = "$(TARGET_NAME)";
				SDKROOT = iphoneos;
				SWIFT_EMIT_LOC_STRINGS = NO;
				SWIFT_VERSION = 5.0;
				TARGETED_DEVICE_FAMILY = "1,2";
				TEST_HOST = "$(BUILT_PRODUCTS_DIR)/GithubClone.app/$(BUNDLE_EXECUTABLE_FOLDER_PATH)/GithubClone";
			};
			name = Debug;
		};
		F1210C442A7FDA0A00051663 /* Release */ = {
			isa = XCBuildConfiguration;
			buildSettings = {
				BUNDLE_LOADER = "$(TEST_HOST)";
				CODE_SIGN_STYLE = Automatic;
				CURRENT_PROJECT_VERSION = 1;
				GENERATE_INFOPLIST_FILE = YES;
				IPHONEOS_DEPLOYMENT_TARGET = 16.4;
				MARKETING_VERSION = 1.0;
				PRODUCT_BUNDLE_IDENTIFIER = com.archeva.ApiTests;
				PRODUCT_NAME = "$(TARGET_NAME)";
				SDKROOT = iphoneos;
				SWIFT_EMIT_LOC_STRINGS = NO;
				SWIFT_VERSION = 5.0;
				TARGETED_DEVICE_FAMILY = "1,2";
				TEST_HOST = "$(BUILT_PRODUCTS_DIR)/GithubClone.app/$(BUNDLE_EXECUTABLE_FOLDER_PATH)/GithubClone";
				VALIDATE_PRODUCT = YES;
			};
			name = Release;
		};
/* End XCBuildConfiguration section */

/* Begin XCConfigurationList section */
		F10DFF842A72B9C900656A88 /* Build configuration list for PBXProject "GithubClone" */ = {
			isa = XCConfigurationList;
			buildConfigurations = (
				F10DFF962A72B9CA00656A88 /* Debug */,
				F10DFF972A72B9CA00656A88 /* Release */,
			);
			defaultConfigurationIsVisible = 0;
			defaultConfigurationName = Release;
		};
		F10DFF982A72B9CA00656A88 /* Build configuration list for PBXNativeTarget "GithubClone" */ = {
			isa = XCConfigurationList;
			buildConfigurations = (
				F10DFF992A72B9CA00656A88 /* Debug */,
				F10DFF9A2A72B9CA00656A88 /* Release */,
			);
			defaultConfigurationIsVisible = 0;
			defaultConfigurationName = Release;
		};
		F1210C452A7FDA0A00051663 /* Build configuration list for PBXNativeTarget "ApiTests" */ = {
			isa = XCConfigurationList;
			buildConfigurations = (
				F1210C432A7FDA0A00051663 /* Debug */,
				F1210C442A7FDA0A00051663 /* Release */,
			);
			defaultConfigurationIsVisible = 0;
			defaultConfigurationName = Release;
		};
/* End XCConfigurationList section */

/* Begin XCRemoteSwiftPackageReference section */
		F10DFFAD2A72C70D00656A88 /* XCRemoteSwiftPackageReference "Alamofire" */ = {
			isa = XCRemoteSwiftPackageReference;
			repositoryURL = "https://github.com/Alamofire/Alamofire";
			requirement = {
				kind = upToNextMajorVersion;
				minimumVersion = 5.0.0;
			};
		};
		F10DFFB52A72CFCC00656A88 /* XCRemoteSwiftPackageReference "swift-log" */ = {
			isa = XCRemoteSwiftPackageReference;
			repositoryURL = "https://github.com/apple/swift-log";
			requirement = {
				kind = upToNextMajorVersion;
				minimumVersion = 1.0.0;
			};
		};
/* End XCRemoteSwiftPackageReference section */

/* Begin XCSwiftPackageProductDependency section */
		F10DFFAE2A72C70D00656A88 /* Alamofire */ = {
			isa = XCSwiftPackageProductDependency;
			package = F10DFFAD2A72C70D00656A88 /* XCRemoteSwiftPackageReference "Alamofire" */;
			productName = Alamofire;
		};
		F10DFFB62A72CFCC00656A88 /* Logging */ = {
			isa = XCSwiftPackageProductDependency;
			package = F10DFFB52A72CFCC00656A88 /* XCRemoteSwiftPackageReference "swift-log" */;
			productName = Logging;
		};
/* End XCSwiftPackageProductDependency section */
	};
	rootObject = F10DFF812A72B9C900656A88 /* Project object */;
}
